
Microsoft Visual Studio Solution File, Format Version 12.00
# Visual Studio Version 16
VisualStudioVersion = 16.0.30907.101
MinimumVisualStudioVersion = 10.0.40219.1
Project("{FAE04EC0-301F-11D3-BF4B-00C04F79EFBC}") = "usuWeb", "usuWeb\usuWeb.csproj", "{95405DBF-B2B9-4F98-BDA9-DC7909F77BE6}"
EndProject
Project("{FAE04EC0-301F-11D3-BF4B-00C04F79EFBC}") = "library", "library\library.csproj", "{8E25169F-2A92-441F-B01B-1E4E534A7D5B}"
EndProject
Global
	GlobalSection(SolutionConfigurationPlatforms) = preSolution
		Debug|Any CPU = Debug|Any CPU
		Release|Any CPU = Release|Any CPU
	EndGlobalSection
	GlobalSection(ProjectConfigurationPlatforms) = postSolution
		{95405DBF-B2B9-4F98-BDA9-DC7909F77BE6}.Debug|Any CPU.ActiveCfg = Debug|Any CPU
		{95405DBF-B2B9-4F98-BDA9-DC7909F77BE6}.Debug|Any CPU.Build.0 = Debug|Any CPU
		{95405DBF-B2B9-4F98-BDA9-DC7909F77BE6}.Release|Any CPU.ActiveCfg = Release|Any CPU
		{95405DBF-B2B9-4F98-BDA9-DC7909F77BE6}.Release|Any CPU.Build.0 = Release|Any CPU
		{8E25169F-2A92-441F-B01B-1E4E534A7D5B}.Debug|Any CPU.ActiveCfg = Debug|Any CPU
		{8E25169F-2A92-441F-B01B-1E4E534A7D5B}.Debug|Any CPU.Build.0 = Debug|Any CPU
		{8E25169F-2A92-441F-B01B-1E4E534A7D5B}.Release|Any CPU.ActiveCfg = Release|Any CPU
		{8E25169F-2A92-441F-B01B-1E4E534A7D5B}.Release|Any CPU.Build.0 = Release|Any CPU
	EndGlobalSection
	GlobalSection(SolutionProperties) = preSolution
		HideSolutionNode = FALSE
	EndGlobalSection
	GlobalSection(ExtensibilityGlobals) = postSolution
		SolutionGuid = {69A73775-6A4A-4373-8AC1-916CF7610CD4}
	EndGlobalSection
EndGlobal
